
Microsoft Visual Studio Solution File, Format Version 12.00
# Visual Studio Version 17
VisualStudioVersion = 17.5.33424.131
MinimumVisualStudioVersion = 10.0.40219.1
Project("{FAE04EC0-301F-11D3-BF4B-00C04F79EFBC}") = "8 Queens", "8 Queens.csproj", "{6B3F5D41-B2C1-4212-8F90-13B61C6E4FC1}"
EndProject
Global
	GlobalSection(SolutionConfigurationPlatforms) = preSolution
		Debug|Any CPU = Debug|Any CPU
		Release|Any CPU = Release|Any CPU
	EndGlobalSection
	GlobalSection(ProjectConfigurationPlatforms) = postSolution
		{6B3F5D41-B2C1-4212-8F90-13B61C6E4FC1}.Debug|Any CPU.ActiveCfg = Debug|Any CPU
		{6B3F5D41-B2C1-4212-8F90-13B61C6E4FC1}.Debug|Any CPU.Build.0 = Debug|Any CPU
		{6B3F5D41-B2C1-4212-8F90-13B61C6E4FC1}.Release|Any CPU.ActiveCfg = Release|Any CPU
		{6B3F5D41-B2C1-4212-8F90-13B61C6E4FC1}.Release|Any CPU.Build.0 = Release|Any CPU
	EndGlobalSection
	GlobalSection(SolutionProperties) = preSolution
		HideSolutionNode = FALSE
	EndGlobalSection
	GlobalSection(ExtensibilityGlobals) = postSolution
		SolutionGuid = {A487235F-F7AF-4872-8D0D-4E63D3ACEF64}
	EndGlobalSection
EndGlobal
